
Microsoft Visual Studio Solution File, Format Version 12.00
# Visual Studio 15
VisualStudioVersion = 15.0.27130.2024
MinimumVisualStudioVersion = 10.0.40219.1
Project("{9A19103F-16F7-4668-BE54-9A1E7A4F7556}") = "TaskSchedulerCore", "TaskSchedulerCore\TaskSchedulerCore.csproj", "{DA61DFDB-F93A-43C8-9711-DE2974E18646}"
EndProject
Global
	GlobalSection(SolutionConfigurationPlatforms) = preSolution
		Debug|Any CPU = Debug|Any CPU
		Release|Any CPU = Release|Any CPU
	EndGlobalSection
	GlobalSection(ProjectConfigurationPlatforms) = postSolution
		{DA61DFDB-F93A-43C8-9711-DE2974E18646}.Debug|Any CPU.ActiveCfg = Debug|Any CPU
		{DA61DFDB-F93A-43C8-9711-DE2974E18646}.Debug|Any CPU.Build.0 = Debug|Any CPU
		{DA61DFDB-F93A-43C8-9711-DE2974E18646}.Release|Any CPU.ActiveCfg = Release|Any CPU
		{DA61DFDB-F93A-43C8-9711-DE2974E18646}.Release|Any CPU.Build.0 = Release|Any CPU
	EndGlobalSection
	GlobalSection(SolutionProperties) = preSolution
		HideSolutionNode = FALSE
	EndGlobalSection
	GlobalSection(ExtensibilityGlobals) = postSolution
		SolutionGuid = {C694BA29-C941-40EB-8AF6-7EC8872C39AB}
	EndGlobalSection
EndGlobal
